{
  "name": "middy-rds",
  "version": "2.2.2",
  "lockfileVersion": 2,
  "requires": true,
  "packages": {
    "": {
      "version": "2.2.2",
      "license": "MIT",
      "dependencies": {
        "@middy/util": "^2.4.1"
      },
      "engines": {
        "node": ">=12"
      }
    },
    "node_modules/@middy/util": {
      "version": "2.4.1",
      "resolved": "https://registry.npmjs.org/@middy/util/-/util-2.4.1.tgz",
      "integrity": "sha512-iN5Jqljz8BMhOtwQnTewn4veKWnRUF4krQDXrTs492oOoj/DcE7cC99vl2pYKc2TOQND3bGqjFL52aza6Arc9g==",
      "engines": {
        "node": ">=12"
      }
    }
  },
  "dependencies": {
    "@middy/util": {
      "version": "2.4.1",
      "resolved": "https://registry.npmjs.org/@middy/util/-/util-2.4.1.tgz",
      "integrity": "sha512-iN5Jqljz8BMhOtwQnTewn4veKWnRUF4krQDXrTs492oOoj/DcE7cC99vl2pYKc2TOQND3bGqjFL52aza6Arc9g=="
    }
  }
}
